// !$*UTF8*$!
{
	archiveVersion = 1;
	classes = {
	};
	objectVersion = 46;
	objects = {

/* Begin PBXBuildFile section */
		4C031B951ADDB54700874EAC /* Foundation.framework in Frameworks */ = {isa = PBXBuildFile; fileRef = 4C031B941ADDB54700874EAC /* Foundation.framework */; };
		4C031B971ADDB54F00874EAC /* CoreGraphics.framework in Frameworks */ = {isa = PBXBuildFile; fileRef = 4C031B961ADDB54F00874EAC /* CoreGraphics.framework */; };
		4C031B991ADDB55400874EAC /* UIKit.framework in Frameworks */ = {isa = PBXBuildFile; fileRef = 4C031B981ADDB55400874EAC /* UIKit.framework */; };
		4CEF3EEC1ABF53F7000052D2 /* main.m in Sources */ = {isa = PBXBuildFile; fileRef = 4CEF3EEB1ABF53F7000052D2 /* main.m */; };
		4CEF3EEF1ABF53F7000052D2 /* AppDelegate.m in Sources */ = {isa = PBXBuildFile; fileRef = 4CEF3EEE1ABF53F7000052D2 /* AppDelegate.m */; };
		4CEF3EF21ABF53F7000052D2 /* FirstViewController.m in Sources */ = {isa = PBXBuildFile; fileRef = 4CEF3EF11ABF53F7000052D2 /* FirstViewController.m */; };
		4CEF3EF51ABF53F7000052D2 /* SecondViewController.m in Sources */ = {isa = PBXBuildFile; fileRef = 4CEF3EF41ABF53F7000052D2 /* SecondViewController.m */; };
		4CEF3EF81ABF53F7000052D2 /* Main.storyboard in Resources */ = {isa = PBXBuildFile; fileRef = 4CEF3EF61ABF53F7000052D2 /* Main.storyboard */; };
		4CEF3EFA1ABF53F7000052D2 /* Images.xcassets in Resources */ = {isa = PBXBuildFile; fileRef = 4CEF3EF91ABF53F7000052D2 /* Images.xcassets */; };
		4CEF3EFD1ABF53F7000052D2 /* LaunchScreen.xib in Resources */ = {isa = PBXBuildFile; fileRef = 4CEF3EFB1ABF53F7000052D2 /* LaunchScreen.xib */; };
		4CEF3F091ABF53F7000052D2 /* iOSPrototypeTests.m in Sources */ = {isa = PBXBuildFile; fileRef = 4CEF3F081ABF53F7000052D2 /* iOSPrototypeTests.m */; };
		4CEF3F2A1ABF5769000052D2 /* JTCalendar.m in Sources */ = {isa = PBXBuildFile; fileRef = 4CEF3F141ABF5769000052D2 /* JTCalendar.m */; };
		4CEF3F2B1ABF5769000052D2 /* JTCalendarAppearance.m in Sources */ = {isa = PBXBuildFile; fileRef = 4CEF3F161ABF5769000052D2 /* JTCalendarAppearance.m */; };
		4CEF3F2C1ABF5769000052D2 /* JTCalendarContentView.m in Sources */ = {isa = PBXBuildFile; fileRef = 4CEF3F181ABF5769000052D2 /* JTCalendarContentView.m */; };
		4CEF3F2D1ABF5769000052D2 /* JTCalendarDataCache.m in Sources */ = {isa = PBXBuildFile; fileRef = 4CEF3F1A1ABF5769000052D2 /* JTCalendarDataCache.m */; };
		4CEF3F2E1ABF5769000052D2 /* JTCalendarDayView.m in Sources */ = {isa = PBXBuildFile; fileRef = 4CEF3F1C1ABF5769000052D2 /* JTCalendarDayView.m */; };
		4CEF3F2F1ABF5769000052D2 /* JTCalendarMenuMonthView.m in Sources */ = {isa = PBXBuildFile; fileRef = 4CEF3F1E1ABF5769000052D2 /* JTCalendarMenuMonthView.m */; };
		4CEF3F301ABF5769000052D2 /* JTCalendarMenuView.m in Sources */ = {isa = PBXBuildFile; fileRef = 4CEF3F201ABF5769000052D2 /* JTCalendarMenuView.m */; };
		4CEF3F311ABF5769000052D2 /* JTCalendarMonthView.m in Sources */ = {isa = PBXBuildFile; fileRef = 4CEF3F221ABF5769000052D2 /* JTCalendarMonthView.m */; };
		4CEF3F321ABF5769000052D2 /* JTCalendarMonthWeekDaysView.m in Sources */ = {isa = PBXBuildFile; fileRef = 4CEF3F241ABF5769000052D2 /* JTCalendarMonthWeekDaysView.m */; };
		4CEF3F331ABF5769000052D2 /* JTCalendarWeekView.m in Sources */ = {isa = PBXBuildFile; fileRef = 4CEF3F271ABF5769000052D2 /* JTCalendarWeekView.m */; };
		4CEF3F341ABF5769000052D2 /* JTCircleView.m in Sources */ = {isa = PBXBuildFile; fileRef = 4CEF3F291ABF5769000052D2 /* JTCircleView.m */; };
		4CEF3F391ABF8B89000052D2 /* ExpandingCell.xib in Resources */ = {isa = PBXBuildFile; fileRef = 4CEF3F381ABF8B89000052D2 /* ExpandingCell.xib */; };
		4CEF3F3C1ABF8D3C000052D2 /* ExpandingCell.m in Sources */ = {isa = PBXBuildFile; fileRef = 4CEF3F3B1ABF8D3C000052D2 /* ExpandingCell.m */; };
		4CEF3F3F1ABFC229000052D2 /* ThirdViewController.m in Sources */ = {isa = PBXBuildFile; fileRef = 4CEF3F3E1ABFC229000052D2 /* ThirdViewController.m */; };
		4CEF3F421ABFC2A6000052D2 /* FourthViewController.m in Sources */ = {isa = PBXBuildFile; fileRef = 4CEF3F411ABFC2A6000052D2 /* FourthViewController.m */; };
		4CEF3F451ABFC2B5000052D2 /* FifthViewController.m in Sources */ = {isa = PBXBuildFile; fileRef = 4CEF3F441ABFC2B5000052D2 /* FifthViewController.m */; };
		6D68DC31F25F98EB3A8DBA17 /* libPods-iOSPrototype.a in Frameworks */ = {isa = PBXBuildFile; fileRef = 90288C76C0356C7FA04EEEAE /* libPods-iOSPrototype.a */; };
		F80FC7C91AD962F90005E5AD /* UIView+Toast.m in Sources */ = {isa = PBXBuildFile; fileRef = F80FC7C81AD962F90005E5AD /* UIView+Toast.m */; };
		F8398D1D1AD7EB8900FC349A /* UITextField+Shake.m in Sources */ = {isa = PBXBuildFile; fileRef = F8398D1C1AD7EB8900FC349A /* UITextField+Shake.m */; };
		F8A654C21AD69BA3003EF87F /* RateView.m in Sources */ = {isa = PBXBuildFile; fileRef = F8A654C11AD69BA3003EF87F /* RateView.m */; };
/* End PBXBuildFile section */

/* Begin PBXContainerItemProxy section */
		4CEF3F031ABF53F7000052D2 /* PBXContainerItemProxy */ = {
			isa = PBXContainerItemProxy;
			containerPortal = 4CEF3EDE1ABF53F6000052D2 /* Project object */;
			proxyType = 1;
			remoteGlobalIDString = 4CEF3EE51ABF53F7000052D2;
			remoteInfo = iOSPrototype;
		};
/* End PBXContainerItemProxy section */

/* Begin PBXFileReference section */
		4C031B941ADDB54700874EAC /* Foundation.framework */ = {isa = PBXFileReference; lastKnownFileType = wrapper.framework; name = Foundation.framework; path = System/Library/Frameworks/Foundation.framework; sourceTree = SDKROOT; };
		4C031B961ADDB54F00874EAC /* CoreGraphics.framework */ = {isa = PBXFileReference; lastKnownFileType = wrapper.framework; name = CoreGraphics.framework; path = System/Library/Frameworks/CoreGraphics.framework; sourceTree = SDKROOT; };
		4C031B981ADDB55400874EAC /* UIKit.framework */ = {isa = PBXFileReference; lastKnownFileType = wrapper.framework; name = UIKit.framework; path = System/Library/Frameworks/UIKit.framework; sourceTree = SDKROOT; };
		4CEF3EE61ABF53F7000052D2 /* iOSPrototype.app */ = {isa = PBXFileReference; explicitFileType = wrapper.application; includeInIndex = 0; path = iOSPrototype.app; sourceTree = BUILT_PRODUCTS_DIR; };
		4CEF3EEA1ABF53F7000052D2 /* Info.plist */ = {isa = PBXFileReference; lastKnownFileType = text.plist.xml; path = Info.plist; sourceTree = "<group>"; };
		4CEF3EEB1ABF53F7000052D2 /* main.m */ = {isa = PBXFileReference; lastKnownFileType = sourcecode.c.objc; path = main.m; sourceTree = "<group>"; };
		4CEF3EED1ABF53F7000052D2 /* AppDelegate.h */ = {isa = PBXFileReference; lastKnownFileType = sourcecode.c.h; path = AppDelegate.h; sourceTree = "<group>"; };
		4CEF3EEE1ABF53F7000052D2 /* AppDelegate.m */ = {isa = PBXFileReference; lastKnownFileType = sourcecode.c.objc; path = AppDelegate.m; sourceTree = "<group>"; };
		4CEF3EF01ABF53F7000052D2 /* FirstViewController.h */ = {isa = PBXFileReference; lastKnownFileType = sourcecode.c.h; path = FirstViewController.h; sourceTree = "<group>"; };
		4CEF3EF11ABF53F7000052D2 /* FirstViewController.m */ = {isa = PBXFileReference; lastKnownFileType = sourcecode.c.objc; path = FirstViewController.m; sourceTree = "<group>"; };
		4CEF3EF31ABF53F7000052D2 /* SecondViewController.h */ = {isa = PBXFileReference; lastKnownFileType = sourcecode.c.h; path = SecondViewController.h; sourceTree = "<group>"; };
		4CEF3EF41ABF53F7000052D2 /* SecondViewController.m */ = {isa = PBXFileReference; lastKnownFileType = sourcecode.c.objc; path = SecondViewController.m; sourceTree = "<group>"; };
		4CEF3EF71ABF53F7000052D2 /* Base */ = {isa = PBXFileReference; lastKnownFileType = file.storyboard; name = Base; path = Base.lproj/Main.storyboard; sourceTree = "<group>"; };
		4CEF3EF91ABF53F7000052D2 /* Images.xcassets */ = {isa = PBXFileReference; lastKnownFileType = folder.assetcatalog; path = Images.xcassets; sourceTree = "<group>"; };
		4CEF3EFC1ABF53F7000052D2 /* Base */ = {isa = PBXFileReference; lastKnownFileType = file.xib; name = Base; path = Base.lproj/LaunchScreen.xib; sourceTree = "<group>"; };
		4CEF3F021ABF53F7000052D2 /* iOSPrototypeTests.xctest */ = {isa = PBXFileReference; explicitFileType = wrapper.cfbundle; includeInIndex = 0; path = iOSPrototypeTests.xctest; sourceTree = BUILT_PRODUCTS_DIR; };
		4CEF3F071ABF53F7000052D2 /* Info.plist */ = {isa = PBXFileReference; lastKnownFileType = text.plist.xml; path = Info.plist; sourceTree = "<group>"; };
		4CEF3F081ABF53F7000052D2 /* iOSPrototypeTests.m */ = {isa = PBXFileReference; lastKnownFileType = sourcecode.c.objc; path = iOSPrototypeTests.m; sourceTree = "<group>"; };
		4CEF3F131ABF5769000052D2 /* JTCalendar.h */ = {isa = PBXFileReference; fileEncoding = 4; lastKnownFileType = sourcecode.c.h; path = JTCalendar.h; sourceTree = "<group>"; };
		4CEF3F141ABF5769000052D2 /* JTCalendar.m */ = {isa = PBXFileReference; fileEncoding = 4; lastKnownFileType = sourcecode.c.objc; path = JTCalendar.m; sourceTree = "<group>"; };
		4CEF3F151ABF5769000052D2 /* JTCalendarAppearance.h */ = {isa = PBXFileReference; fileEncoding = 4; lastKnownFileType = sourcecode.c.h; path = JTCalendarAppearance.h; sourceTree = "<group>"; };
		4CEF3F161ABF5769000052D2 /* JTCalendarAppearance.m */ = {isa = PBXFileReference; fileEncoding = 4; lastKnownFileType = sourcecode.c.objc; path = JTCalendarAppearance.m; sourceTree = "<group>"; };
		4CEF3F171ABF5769000052D2 /* JTCalendarContentView.h */ = {isa = PBXFileReference; fileEncoding = 4; lastKnownFileType = sourcecode.c.h; path = JTCalendarContentView.h; sourceTree = "<group>"; };
		4CEF3F181ABF5769000052D2 /* JTCalendarContentView.m */ = {isa = PBXFileReference; fileEncoding = 4; lastKnownFileType = sourcecode.c.objc; path = JTCalendarContentView.m; sourceTree = "<group>"; };
		4CEF3F191ABF5769000052D2 /* JTCalendarDataCache.h */ = {isa = PBXFileReference; fileEncoding = 4; lastKnownFileType = sourcecode.c.h; path = JTCalendarDataCache.h; sourceTree = "<group>"; };
		4CEF3F1A1ABF5769000052D2 /* JTCalendarDataCache.m */ = {isa = PBXFileReference; fileEncoding = 4; lastKnownFileType = sourcecode.c.objc; path = JTCalendarDataCache.m; sourceTree = "<group>"; };
		4CEF3F1B1ABF5769000052D2 /* JTCalendarDayView.h */ = {isa = PBXFileReference; fileEncoding = 4; lastKnownFileType = sourcecode.c.h; path = JTCalendarDayView.h; sourceTree = "<group>"; };
		4CEF3F1C1ABF5769000052D2 /* JTCalendarDayView.m */ = {isa = PBXFileReference; fileEncoding = 4; lastKnownFileType = sourcecode.c.objc; path = JTCalendarDayView.m; sourceTree = "<group>"; };
		4CEF3F1D1ABF5769000052D2 /* JTCalendarMenuMonthView.h */ = {isa = PBXFileReference; fileEncoding = 4; lastKnownFileType = sourcecode.c.h; path = JTCalendarMenuMonthView.h; sourceTree = "<group>"; };
		4CEF3F1E1ABF5769000052D2 /* JTCalendarMenuMonthView.m */ = {isa = PBXFileReference; fileEncoding = 4; lastKnownFileType = sourcecode.c.objc; path = JTCalendarMenuMonthView.m; sourceTree = "<group>"; };
		4CEF3F1F1ABF5769000052D2 /* JTCalendarMenuView.h */ = {isa = PBXFileReference; fileEncoding = 4; lastKnownFileType = sourcecode.c.h; path = JTCalendarMenuView.h; sourceTree = "<group>"; };
		4CEF3F201ABF5769000052D2 /* JTCalendarMenuView.m */ = {isa = PBXFileReference; fileEncoding = 4; lastKnownFileType = sourcecode.c.objc; path = JTCalendarMenuView.m; sourceTree = "<group>"; };
		4CEF3F211ABF5769000052D2 /* JTCalendarMonthView.h */ = {isa = PBXFileReference; fileEncoding = 4; lastKnownFileType = sourcecode.c.h; path = JTCalendarMonthView.h; sourceTree = "<group>"; };
		4CEF3F221ABF5769000052D2 /* JTCalendarMonthView.m */ = {isa = PBXFileReference; fileEncoding = 4; lastKnownFileType = sourcecode.c.objc; path = JTCalendarMonthView.m; sourceTree = "<group>"; };
		4CEF3F231ABF5769000052D2 /* JTCalendarMonthWeekDaysView.h */ = {isa = PBXFileReference; fileEncoding = 4; lastKnownFileType = sourcecode.c.h; path = JTCalendarMonthWeekDaysView.h; sourceTree = "<group>"; };
		4CEF3F241ABF5769000052D2 /* JTCalendarMonthWeekDaysView.m */ = {isa = PBXFileReference; fileEncoding = 4; lastKnownFileType = sourcecode.c.objc; path = JTCalendarMonthWeekDaysView.m; sourceTree = "<group>"; };
		4CEF3F251ABF5769000052D2 /* JTCalendarViewDataSource.h */ = {isa = PBXFileReference; fileEncoding = 4; lastKnownFileType = sourcecode.c.h; path = JTCalendarViewDataSource.h; sourceTree = "<group>"; };
		4CEF3F261ABF5769000052D2 /* JTCalendarWeekView.h */ = {isa = PBXFileReference; fileEncoding = 4; lastKnownFileType = sourcecode.c.h; path = JTCalendarWeekView.h; sourceTree = "<group>"; };
		4CEF3F271ABF5769000052D2 /* JTCalendarWeekView.m */ = {isa = PBXFileReference; fileEncoding = 4; lastKnownFileType = sourcecode.c.objc; path = JTCalendarWeekView.m; sourceTree = "<group>"; };
		4CEF3F281ABF5769000052D2 /* JTCircleView.h */ = {isa = PBXFileReference; fileEncoding = 4; lastKnownFileType = sourcecode.c.h; path = JTCircleView.h; sourceTree = "<group>"; };
		4CEF3F291ABF5769000052D2 /* JTCircleView.m */ = {isa = PBXFileReference; fileEncoding = 4; lastKnownFileType = sourcecode.c.objc; path = JTCircleView.m; sourceTree = "<group>"; };
		4CEF3F381ABF8B89000052D2 /* ExpandingCell.xib */ = {isa = PBXFileReference; fileEncoding = 4; lastKnownFileType = file.xib; path = ExpandingCell.xib; sourceTree = "<group>"; };
		4CEF3F3A1ABF8D3C000052D2 /* ExpandingCell.h */ = {isa = PBXFileReference; fileEncoding = 4; lastKnownFileType = sourcecode.c.h; path = ExpandingCell.h; sourceTree = "<group>"; };
		4CEF3F3B1ABF8D3C000052D2 /* ExpandingCell.m */ = {isa = PBXFileReference; fileEncoding = 4; lastKnownFileType = sourcecode.c.objc; path = ExpandingCell.m; sourceTree = "<group>"; };
		4CEF3F3D1ABFC229000052D2 /* ThirdViewController.h */ = {isa = PBXFileReference; fileEncoding = 4; lastKnownFileType = sourcecode.c.h; path = ThirdViewController.h; sourceTree = "<group>"; };
		4CEF3F3E1ABFC229000052D2 /* ThirdViewController.m */ = {isa = PBXFileReference; fileEncoding = 4; lastKnownFileType = sourcecode.c.objc; path = ThirdViewController.m; sourceTree = "<group>"; };
		4CEF3F401ABFC2A6000052D2 /* FourthViewController.h */ = {isa = PBXFileReference; fileEncoding = 4; lastKnownFileType = sourcecode.c.h; path = FourthViewController.h; sourceTree = "<group>"; };
		4CEF3F411ABFC2A6000052D2 /* FourthViewController.m */ = {isa = PBXFileReference; fileEncoding = 4; lastKnownFileType = sourcecode.c.objc; path = FourthViewController.m; sourceTree = "<group>"; };
		4CEF3F431ABFC2B5000052D2 /* FifthViewController.h */ = {isa = PBXFileReference; fileEncoding = 4; lastKnownFileType = sourcecode.c.h; path = FifthViewController.h; sourceTree = "<group>"; };
		4CEF3F441ABFC2B5000052D2 /* FifthViewController.m */ = {isa = PBXFileReference; fileEncoding = 4; lastKnownFileType = sourcecode.c.objc; path = FifthViewController.m; sourceTree = "<group>"; };
		6736535594D10BEDDEF6B056 /* Pods-iOSPrototype.release.xcconfig */ = {isa = PBXFileReference; includeInIndex = 1; lastKnownFileType = text.xcconfig; name = "Pods-iOSPrototype.release.xcconfig"; path = "Pods/Target Support Files/Pods-iOSPrototype/Pods-iOSPrototype.release.xcconfig"; sourceTree = "<group>"; };
		815FE1F97ECD48CD1DA174C7 /* Pods-iOSPrototype.debug.xcconfig */ = {isa = PBXFileReference; includeInIndex = 1; lastKnownFileType = text.xcconfig; name = "Pods-iOSPrototype.debug.xcconfig"; path = "Pods/Target Support Files/Pods-iOSPrototype/Pods-iOSPrototype.debug.xcconfig"; sourceTree = "<group>"; };
		90288C76C0356C7FA04EEEAE /* libPods-iOSPrototype.a */ = {isa = PBXFileReference; explicitFileType = archive.ar; includeInIndex = 0; path = "libPods-iOSPrototype.a"; sourceTree = BUILT_PRODUCTS_DIR; };
		F80FC7C71AD962F00005E5AD /* UIView+Toast.h */ = {isa = PBXFileReference; lastKnownFileType = sourcecode.c.h; name = "UIView+Toast.h"; path = "Toast/UIView+Toast.h"; sourceTree = "<group>"; };
		F80FC7C81AD962F90005E5AD /* UIView+Toast.m */ = {isa = PBXFileReference; fileEncoding = 4; lastKnownFileType = sourcecode.c.objc; name = "UIView+Toast.m"; path = "Toast/UIView+Toast.m"; sourceTree = "<group>"; };
		F8398D1B1AD7EB8900FC349A /* UITextField+Shake.h */ = {isa = PBXFileReference; fileEncoding = 4; lastKnownFileType = sourcecode.c.h; path = "UITextField+Shake.h"; sourceTree = "<group>"; };
		F8398D1C1AD7EB8900FC349A /* UITextField+Shake.m */ = {isa = PBXFileReference; fileEncoding = 4; lastKnownFileType = sourcecode.c.objc; path = "UITextField+Shake.m"; sourceTree = "<group>"; };
		F8A654C01AD69BA3003EF87F /* RateView.h */ = {isa = PBXFileReference; fileEncoding = 4; lastKnownFileType = sourcecode.c.h; path = RateView.h; sourceTree = "<group>"; };
		F8A654C11AD69BA3003EF87F /* RateView.m */ = {isa = PBXFileReference; fileEncoding = 4; lastKnownFileType = sourcecode.c.objc; path = RateView.m; sourceTree = "<group>"; };
/* End PBXFileReference section */

/* Begin PBXFrameworksBuildPhase section */
		4CEF3EE31ABF53F7000052D2 /* Frameworks */ = {
			isa = PBXFrameworksBuildPhase;
			buildActionMask = 2147483647;
			files = (
				4C031B991ADDB55400874EAC /* UIKit.framework in Frameworks */,
				4C031B971ADDB54F00874EAC /* CoreGraphics.framework in Frameworks */,
				4C031B951ADDB54700874EAC /* Foundation.framework in Frameworks */,
				6D68DC31F25F98EB3A8DBA17 /* libPods-iOSPrototype.a in Frameworks */,
			);
			runOnlyForDeploymentPostprocessing = 0;
		};
		4CEF3EFF1ABF53F7000052D2 /* Frameworks */ = {
			isa = PBXFrameworksBuildPhase;
			buildActionMask = 2147483647;
			files = (
			);
			runOnlyForDeploymentPostprocessing = 0;
		};
/* End PBXFrameworksBuildPhase section */

/* Begin PBXGroup section */
		4C031B9A1ADDB5D600874EAC /* Frameworks */ = {
			isa = PBXGroup;
			children = (
				4C031B981ADDB55400874EAC /* UIKit.framework */,
				4C031B961ADDB54F00874EAC /* CoreGraphics.framework */,
				4C031B941ADDB54700874EAC /* Foundation.framework */,
				90288C76C0356C7FA04EEEAE /* libPods-iOSPrototype.a */,
			);
			name = Frameworks;
			sourceTree = "<group>";
		};
		4CEF3EDD1ABF53F6000052D2 = {
			isa = PBXGroup;
			children = (
				4CEF3EE81ABF53F7000052D2 /* iOSPrototype */,
				4CEF3F051ABF53F7000052D2 /* iOSPrototypeTests */,
				4C031B9A1ADDB5D600874EAC /* Frameworks */,
				4CEF3EE71ABF53F7000052D2 /* Products */,
				8329E8C59560FB9A5C74FE6F /* Pods */,
			);
			sourceTree = "<group>";
		};
		4CEF3EE71ABF53F7000052D2 /* Products */ = {
			isa = PBXGroup;
			children = (
				4CEF3EE61ABF53F7000052D2 /* iOSPrototype.app */,
				4CEF3F021ABF53F7000052D2 /* iOSPrototypeTests.xctest */,
			);
			name = Products;
			sourceTree = "<group>";
		};
		4CEF3EE81ABF53F7000052D2 /* iOSPrototype */ = {
			isa = PBXGroup;
			children = (
				F8A654BF1AD69BA3003EF87F /* RateView */,
				4CEF3F371ABF8B72000052D2 /* ExapandingCell */,
				4CEF3F121ABF5769000052D2 /* JTCalendar */,
				F8398D1A1AD7EB8900FC349A /* UITextField-Shake */,
				4CEF3EED1ABF53F7000052D2 /* AppDelegate.h */,
				4CEF3EEE1ABF53F7000052D2 /* AppDelegate.m */,
				F80FC7C71AD962F00005E5AD /* UIView+Toast.h */,
				F80FC7C81AD962F90005E5AD /* UIView+Toast.m */,
				4CEF3EF01ABF53F7000052D2 /* FirstViewController.h */,
				4CEF3EF11ABF53F7000052D2 /* FirstViewController.m */,
				4CEF3EF31ABF53F7000052D2 /* SecondViewController.h */,
				4CEF3EF41ABF53F7000052D2 /* SecondViewController.m */,
				4CEF3F3D1ABFC229000052D2 /* ThirdViewController.h */,
				4CEF3F3E1ABFC229000052D2 /* ThirdViewController.m */,
				4CEF3F401ABFC2A6000052D2 /* FourthViewController.h */,
				4CEF3F411ABFC2A6000052D2 /* FourthViewController.m */,
				4CEF3F431ABFC2B5000052D2 /* FifthViewController.h */,
				4CEF3F441ABFC2B5000052D2 /* FifthViewController.m */,
				4CEF3EF61ABF53F7000052D2 /* Main.storyboard */,
				4CEF3EF91ABF53F7000052D2 /* Images.xcassets */,
				4CEF3EFB1ABF53F7000052D2 /* LaunchScreen.xib */,
				4CEF3EE91ABF53F7000052D2 /* Supporting Files */,
			);
			path = iOSPrototype;
			sourceTree = "<group>";
		};
		4CEF3EE91ABF53F7000052D2 /* Supporting Files */ = {
			isa = PBXGroup;
			children = (
				4CEF3EEA1ABF53F7000052D2 /* Info.plist */,
				4CEF3EEB1ABF53F7000052D2 /* main.m */,
			);
			name = "Supporting Files";
			sourceTree = "<group>";
		};
		4CEF3F051ABF53F7000052D2 /* iOSPrototypeTests */ = {
			isa = PBXGroup;
			children = (
				4CEF3F081ABF53F7000052D2 /* iOSPrototypeTests.m */,
				4CEF3F061ABF53F7000052D2 /* Supporting Files */,
			);
			path = iOSPrototypeTests;
			sourceTree = "<group>";
		};
		4CEF3F061ABF53F7000052D2 /* Supporting Files */ = {
			isa = PBXGroup;
			children = (
				4CEF3F071ABF53F7000052D2 /* Info.plist */,
			);
			name = "Supporting Files";
			sourceTree = "<group>";
		};
		4CEF3F121ABF5769000052D2 /* JTCalendar */ = {
			isa = PBXGroup;
			children = (
				4CEF3F131ABF5769000052D2 /* JTCalendar.h */,
				4CEF3F141ABF5769000052D2 /* JTCalendar.m */,
				4CEF3F151ABF5769000052D2 /* JTCalendarAppearance.h */,
				4CEF3F161ABF5769000052D2 /* JTCalendarAppearance.m */,
				4CEF3F171ABF5769000052D2 /* JTCalendarContentView.h */,
				4CEF3F181ABF5769000052D2 /* JTCalendarContentView.m */,
				4CEF3F191ABF5769000052D2 /* JTCalendarDataCache.h */,
				4CEF3F1A1ABF5769000052D2 /* JTCalendarDataCache.m */,
				4CEF3F1B1ABF5769000052D2 /* JTCalendarDayView.h */,
				4CEF3F1C1ABF5769000052D2 /* JTCalendarDayView.m */,
				4CEF3F1D1ABF5769000052D2 /* JTCalendarMenuMonthView.h */,
				4CEF3F1E1ABF5769000052D2 /* JTCalendarMenuMonthView.m */,
				4CEF3F1F1ABF5769000052D2 /* JTCalendarMenuView.h */,
				4CEF3F201ABF5769000052D2 /* JTCalendarMenuView.m */,
				4CEF3F211ABF5769000052D2 /* JTCalendarMonthView.h */,
				4CEF3F221ABF5769000052D2 /* JTCalendarMonthView.m */,
				4CEF3F231ABF5769000052D2 /* JTCalendarMonthWeekDaysView.h */,
				4CEF3F241ABF5769000052D2 /* JTCalendarMonthWeekDaysView.m */,
				4CEF3F251ABF5769000052D2 /* JTCalendarViewDataSource.h */,
				4CEF3F261ABF5769000052D2 /* JTCalendarWeekView.h */,
				4CEF3F271ABF5769000052D2 /* JTCalendarWeekView.m */,
				4CEF3F281ABF5769000052D2 /* JTCircleView.h */,
				4CEF3F291ABF5769000052D2 /* JTCircleView.m */,
			);
			path = JTCalendar;
			sourceTree = "<group>";
		};
		4CEF3F371ABF8B72000052D2 /* ExapandingCell */ = {
			isa = PBXGroup;
			children = (
				4CEF3F381ABF8B89000052D2 /* ExpandingCell.xib */,
				4CEF3F3A1ABF8D3C000052D2 /* ExpandingCell.h */,
				4CEF3F3B1ABF8D3C000052D2 /* ExpandingCell.m */,
			);
			name = ExapandingCell;
			sourceTree = "<group>";
		};
		8329E8C59560FB9A5C74FE6F /* Pods */ = {
			isa = PBXGroup;
			children = (
				815FE1F97ECD48CD1DA174C7 /* Pods-iOSPrototype.debug.xcconfig */,
				6736535594D10BEDDEF6B056 /* Pods-iOSPrototype.release.xcconfig */,
			);
			name = Pods;
			sourceTree = "<group>";
		};
		F8398D1A1AD7EB8900FC349A /* UITextField-Shake */ = {
			isa = PBXGroup;
			children = (
				F8398D1B1AD7EB8900FC349A /* UITextField+Shake.h */,
				F8398D1C1AD7EB8900FC349A /* UITextField+Shake.m */,
			);
			path = "UITextField-Shake";
			sourceTree = "<group>";
		};
		F8A654BF1AD69BA3003EF87F /* RateView */ = {
			isa = PBXGroup;
			children = (
				F8A654C01AD69BA3003EF87F /* RateView.h */,
				F8A654C11AD69BA3003EF87F /* RateView.m */,
			);
			path = RateView;
			sourceTree = "<group>";
		};
/* End PBXGroup section */

/* Begin PBXNativeTarget section */
		4CEF3EE51ABF53F7000052D2 /* iOSPrototype */ = {
			isa = PBXNativeTarget;
			buildConfigurationList = 4CEF3F0C1ABF53F7000052D2 /* Build configuration list for PBXNativeTarget "iOSPrototype" */;
			buildPhases = (
				43F5245363890EEEB9ECFA7A /* Check Pods Manifest.lock */,
				4CEF3EE21ABF53F7000052D2 /* Sources */,
				4CEF3EE31ABF53F7000052D2 /* Frameworks */,
				4CEF3EE41ABF53F7000052D2 /* Resources */,
				A6B2EEFEB61965FBB0D59354 /* Copy Pods Resources */,
			);
			buildRules = (
			);
			dependencies = (
			);
			name = iOSPrototype;
			productName = iOSPrototype;
			productReference = 4CEF3EE61ABF53F7000052D2 /* iOSPrototype.app */;
			productType = "com.apple.product-type.application";
		};
		4CEF3F011ABF53F7000052D2 /* iOSPrototypeTests */ = {
			isa = PBXNativeTarget;
			buildConfigurationList = 4CEF3F0F1ABF53F7000052D2 /* Build configuration list for PBXNativeTarget "iOSPrototypeTests" */;
			buildPhases = (
				4CEF3EFE1ABF53F7000052D2 /* Sources */,
				4CEF3EFF1ABF53F7000052D2 /* Frameworks */,
				4CEF3F001ABF53F7000052D2 /* Resources */,
			);
			buildRules = (
			);
			dependencies = (
				4CEF3F041ABF53F7000052D2 /* PBXTargetDependency */,
			);
			name = iOSPrototypeTests;
			productName = iOSPrototypeTests;
			productReference = 4CEF3F021ABF53F7000052D2 /* iOSPrototypeTests.xctest */;
			productType = "com.apple.product-type.bundle.unit-test";
		};
/* End PBXNativeTarget section */

/* Begin PBXProject section */
		4CEF3EDE1ABF53F6000052D2 /* Project object */ = {
			isa = PBXProject;
			attributes = {
				LastUpgradeCheck = 0620;
				ORGANIZATIONNAME = "David Schechter";
				TargetAttributes = {
					4CEF3EE51ABF53F7000052D2 = {
						CreatedOnToolsVersion = 6.2;
					};
					4CEF3F011ABF53F7000052D2 = {
						CreatedOnToolsVersion = 6.2;
						TestTargetID = 4CEF3EE51ABF53F7000052D2;
					};
				};
			};
			buildConfigurationList = 4CEF3EE11ABF53F6000052D2 /* Build configuration list for PBXProject "iOSPrototype" */;
			compatibilityVersion = "Xcode 3.2";
			developmentRegion = English;
			hasScannedForEncodings = 0;
			knownRegions = (
				en,
				Base,
			);
			mainGroup = 4CEF3EDD1ABF53F6000052D2;
			productRefGroup = 4CEF3EE71ABF53F7000052D2 /* Products */;
			projectDirPath = "";
			projectRoot = "";
			targets = (
				4CEF3EE51ABF53F7000052D2 /* iOSPrototype */,
				4CEF3F011ABF53F7000052D2 /* iOSPrototypeTests */,
			);
		};
/* End PBXProject section */

/* Begin PBXResourcesBuildPhase section */
		4CEF3EE41ABF53F7000052D2 /* Resources */ = {
			isa = PBXResourcesBuildPhase;
			buildActionMask = 2147483647;
			files = (
				4CEF3F391ABF8B89000052D2 /* ExpandingCell.xib in Resources */,
				4CEF3EF81ABF53F7000052D2 /* Main.storyboard in Resources */,
				4CEF3EFD1ABF53F7000052D2 /* LaunchScreen.xib in Resources */,
				4CEF3EFA1ABF53F7000052D2 /* Images.xcassets in Resources */,
			);
			runOnlyForDeploymentPostprocessing = 0;
		};
		4CEF3F001ABF53F7000052D2 /* Resources */ = {
			isa = PBXResourcesBuildPhase;
			buildActionMask = 2147483647;
			files = (
			);
			runOnlyForDeploymentPostprocessing = 0;
		};
/* End PBXResourcesBuildPhase section */

/* Begin PBXShellScriptBuildPhase section */
		43F5245363890EEEB9ECFA7A /* Check Pods Manifest.lock */ = {
			isa = PBXShellScriptBuildPhase;
			buildActionMask = 2147483647;
			files = (
			);
			inputPaths = (
			);
			name = "Check Pods Manifest.lock";
			outputPaths = (
			);
			runOnlyForDeploymentPostprocessing = 0;
			shellPath = /bin/sh;
			shellScript = "diff \"${PODS_ROOT}/../Podfile.lock\" \"${PODS_ROOT}/Manifest.lock\" > /dev/null\nif [[ $? != 0 ]] ; then\n    cat << EOM\nerror: The sandbox is not in sync with the Podfile.lock. Run 'pod install' or update your CocoaPods installation.\nEOM\n    exit 1\nfi\n";
			showEnvVarsInLog = 0;
		};
		A6B2EEFEB61965FBB0D59354 /* Copy Pods Resources */ = {
			isa = PBXShellScriptBuildPhase;
			buildActionMask = 2147483647;
			files = (
			);
			inputPaths = (
			);
			name = "Copy Pods Resources";
			outputPaths = (
			);
			runOnlyForDeploymentPostprocessing = 0;
			shellPath = /bin/sh;
			shellScript = "\"${SRCROOT}/Pods/Target Support Files/Pods-iOSPrototype/Pods-iOSPrototype-resources.sh\"\n";
			showEnvVarsInLog = 0;
		};
/* End PBXShellScriptBuildPhase section */

/* Begin PBXSourcesBuildPhase section */
		4CEF3EE21ABF53F7000052D2 /* Sources */ = {
			isa = PBXSourcesBuildPhase;
			buildActionMask = 2147483647;
			files = (
				4CEF3F2A1ABF5769000052D2 /* JTCalendar.m in Sources */,
				4CEF3F311ABF5769000052D2 /* JTCalendarMonthView.m in Sources */,
				4CEF3F321ABF5769000052D2 /* JTCalendarMonthWeekDaysView.m in Sources */,
				4CEF3EF51ABF53F7000052D2 /* SecondViewController.m in Sources */,
				4CEF3F451ABFC2B5000052D2 /* FifthViewController.m in Sources */,
				4CEF3F341ABF5769000052D2 /* JTCircleView.m in Sources */,
				4CEF3EEF1ABF53F7000052D2 /* AppDelegate.m in Sources */,
				4CEF3F421ABFC2A6000052D2 /* FourthViewController.m in Sources */,
				F8A654C21AD69BA3003EF87F /* RateView.m in Sources */,
				4CEF3F2E1ABF5769000052D2 /* JTCalendarDayView.m in Sources */,
				4CEF3F3F1ABFC229000052D2 /* ThirdViewController.m in Sources */,
				F8398D1D1AD7EB8900FC349A /* UITextField+Shake.m in Sources */,
				4CEF3F331ABF5769000052D2 /* JTCalendarWeekView.m in Sources */,
				4CEF3F2F1ABF5769000052D2 /* JTCalendarMenuMonthView.m in Sources */,
				4CEF3EF21ABF53F7000052D2 /* FirstViewController.m in Sources */,
				4CEF3F3C1ABF8D3C000052D2 /* ExpandingCell.m in Sources */,
				F80FC7C91AD962F90005E5AD /* UIView+Toast.m in Sources */,
				4CEF3EEC1ABF53F7000052D2 /* main.m in Sources */,
				4CEF3F2B1ABF5769000052D2 /* JTCalendarAppearance.m in Sources */,
				4CEF3F2D1ABF5769000052D2 /* JTCalendarDataCache.m in Sources */,
				4CEF3F2C1ABF5769000052D2 /* JTCalendarContentView.m in Sources */,
				4CEF3F301ABF5769000052D2 /* JTCalendarMenuView.m in Sources */,
			);
			runOnlyForDeploymentPostprocessing = 0;
		};
		4CEF3EFE1ABF53F7000052D2 /* Sources */ = {
			isa = PBXSourcesBuildPhase;
			buildActionMask = 2147483647;
			files = (
				4CEF3F091ABF53F7000052D2 /* iOSPrototypeTests.m in Sources */,
			);
			runOnlyForDeploymentPostprocessing = 0;
		};
/* End PBXSourcesBuildPhase section */

/* Begin PBXTargetDependency section */
		4CEF3F041ABF53F7000052D2 /* PBXTargetDependency */ = {
			isa = PBXTargetDependency;
			target = 4CEF3EE51ABF53F7000052D2 /* iOSPrototype */;
			targetProxy = 4CEF3F031ABF53F7000052D2 /* PBXContainerItemProxy */;
		};
/* End PBXTargetDependency section */

/* Begin PBXVariantGroup section */
		4CEF3EF61ABF53F7000052D2 /* Main.storyboard */ = {
			isa = PBXVariantGroup;
			children = (
				4CEF3EF71ABF53F7000052D2 /* Base */,
			);
			name = Main.storyboard;
			sourceTree = "<group>";
		};
		4CEF3EFB1ABF53F7000052D2 /* LaunchScreen.xib */ = {
			isa = PBXVariantGroup;
			children = (
				4CEF3EFC1ABF53F7000052D2 /* Base */,
			);
			name = LaunchScreen.xib;
			sourceTree = "<group>";
		};
/* End PBXVariantGroup section */

/* Begin XCBuildConfiguration section */
		4CEF3F0A1ABF53F7000052D2 /* Debug */ = {
			isa = XCBuildConfiguration;
			buildSettings = {
				ALWAYS_SEARCH_USER_PATHS = NO;
				CLANG_CXX_LANGUAGE_STANDARD = "gnu++0x";
				CLANG_CXX_LIBRARY = "libc++";
				CLANG_ENABLE_MODULES = YES;
				CLANG_ENABLE_OBJC_ARC = YES;
				CLANG_WARN_BOOL_CONVERSION = YES;
				CLANG_WARN_CONSTANT_CONVERSION = YES;
				CLANG_WARN_DIRECT_OBJC_ISA_USAGE = YES_ERROR;
				CLANG_WARN_EMPTY_BODY = YES;
				CLANG_WARN_ENUM_CONVERSION = YES;
				CLANG_WARN_INT_CONVERSION = YES;
				CLANG_WARN_OBJC_ROOT_CLASS = YES_ERROR;
				CLANG_WARN_UNREACHABLE_CODE = YES;
				CLANG_WARN__DUPLICATE_METHOD_MATCH = YES;
				"CODE_SIGN_IDENTITY[sdk=iphoneos*]" = "iPhone Developer";
				COPY_PHASE_STRIP = NO;
				ENABLE_STRICT_OBJC_MSGSEND = YES;
				GCC_C_LANGUAGE_STANDARD = gnu99;
				GCC_DYNAMIC_NO_PIC = NO;
				GCC_OPTIMIZATION_LEVEL = 0;
				GCC_PREPROCESSOR_DEFINITIONS = (
					"DEBUG=1",
					"$(inherited)",
				);
				GCC_SYMBOLS_PRIVATE_EXTERN = NO;
				GCC_WARN_64_TO_32_BIT_CONVERSION = YES;
				GCC_WARN_ABOUT_RETURN_TYPE = YES_ERROR;
				GCC_WARN_UNDECLARED_SELECTOR = YES;
				GCC_WARN_UNINITIALIZED_AUTOS = YES_AGGRESSIVE;
				GCC_WARN_UNUSED_FUNCTION = YES;
				GCC_WARN_UNUSED_VARIABLE = YES;
				IPHONEOS_DEPLOYMENT_TARGET = 8.2;
				MTL_ENABLE_DEBUG_INFO = YES;
				ONLY_ACTIVE_ARCH = YES;
				SDKROOT = iphoneos;
				TARGETED_DEVICE_FAMILY = "1,2";
			};
			name = Debug;
		};
		4CEF3F0B1ABF53F7000052D2 /* Release */ = {
			isa = XCBuildConfiguration;
			buildSettings = {
				ALWAYS_SEARCH_USER_PATHS = NO;
				CLANG_CXX_LANGUAGE_STANDARD = "gnu++0x";
				CLANG_CXX_LIBRARY = "libc++";
				CLANG_ENABLE_MODULES = YES;
				CLANG_ENABLE_OBJC_ARC = YES;
				CLANG_WARN_BOOL_CONVERSION = YES;
				CLANG_WARN_CONSTANT_CONVERSION = YES;
				CLANG_WARN_DIRECT_OBJC_ISA_USAGE = YES_ERROR;
				CLANG_WARN_EMPTY_BODY = YES;
				CLANG_WARN_ENUM_CONVERSION = YES;
				CLANG_WARN_INT_CONVERSION = YES;
				CLANG_WARN_OBJC_ROOT_CLASS = YES_ERROR;
				CLANG_WARN_UNREACHABLE_CODE = YES;
				CLANG_WARN__DUPLICATE_METHOD_MATCH = YES;
				"CODE_SIGN_IDENTITY[sdk=iphoneos*]" = "iPhone Developer";
				COPY_PHASE_STRIP = NO;
				ENABLE_NS_ASSERTIONS = NO;
				ENABLE_STRICT_OBJC_MSGSEND = YES;
				GCC_C_LANGUAGE_STANDARD = gnu99;
				GCC_WARN_64_TO_32_BIT_CONVERSION = YES;
				GCC_WARN_ABOUT_RETURN_TYPE = YES_ERROR;
				GCC_WARN_UNDECLARED_SELECTOR = YES;
				GCC_WARN_UNINITIALIZED_AUTOS = YES_AGGRESSIVE;
				GCC_WARN_UNUSED_FUNCTION = YES;
				GCC_WARN_UNUSED_VARIABLE = YES;
				IPHONEOS_DEPLOYMENT_TARGET = 8.2;
				MTL_ENABLE_DEBUG_INFO = NO;
				SDKROOT = iphoneos;
				TARGETED_DEVICE_FAMILY = "1,2";
				VALIDATE_PRODUCT = YES;
			};
			name = Release;
		};
		4CEF3F0D1ABF53F7000052D2 /* Debug */ = {
			isa = XCBuildConfiguration;
			baseConfigurationReference = 815FE1F97ECD48CD1DA174C7 /* Pods-iOSPrototype.debug.xcconfig */;
			buildSettings = {
				ASSETCATALOG_COMPILER_APPICON_NAME = AppIcon;
				INFOPLIST_FILE = iOSPrototype/Info.plist;
				LD_RUNPATH_SEARCH_PATHS = "$(inherited) @executable_path/Frameworks";
				PRODUCT_NAME = "$(TARGET_NAME)";
			};
			name = Debug;
		};
		4CEF3F0E1ABF53F7000052D2 /* Release */ = {
			isa = XCBuildConfiguration;
			baseConfigurationReference = 6736535594D10BEDDEF6B056 /* Pods-iOSPrototype.release.xcconfig */;
			buildSettings = {
				ASSETCATALOG_COMPILER_APPICON_NAME = AppIcon;
				INFOPLIST_FILE = iOSPrototype/Info.plist;
				LD_RUNPATH_SEARCH_PATHS = "$(inherited) @executable_path/Frameworks";
				PRODUCT_NAME = "$(TARGET_NAME)";
			};
			name = Release;
		};
		4CEF3F101ABF53F7000052D2 /* Debug */ = {
			isa = XCBuildConfiguration;
			buildSettings = {
				BUNDLE_LOADER = "$(TEST_HOST)";
				FRAMEWORK_SEARCH_PATHS = (
					"$(SDKROOT)/Developer/Library/Frameworks",
					"$(inherited)",
				);
				GCC_PREPROCESSOR_DEFINITIONS = (
					"DEBUG=1",
					"$(inherited)",
				);
				INFOPLIST_FILE = iOSPrototypeTests/Info.plist;
				LD_RUNPATH_SEARCH_PATHS = "$(inherited) @executable_path/Frameworks @loader_path/Frameworks";
				PRODUCT_NAME = "$(TARGET_NAME)";
				TEST_HOST = "$(BUILT_PRODUCTS_DIR)/iOSPrototype.app/iOSPrototype";
			};
			name = Debug;
		};
		4CEF3F111ABF53F7000052D2 /* Release */ = {
			isa = XCBuildConfiguration;
			buildSettings = {
				BUNDLE_LOADER = "$(TEST_HOST)";
				FRAMEWORK_SEARCH_PATHS = (
					"$(SDKROOT)/Developer/Library/Frameworks",
					"$(inherited)",
				);
				INFOPLIST_FILE = iOSPrototypeTests/Info.plist;
				LD_RUNPATH_SEARCH_PATHS = "$(inherited) @executable_path/Frameworks @loader_path/Frameworks";
				PRODUCT_NAME = "$(TARGET_NAME)";
				TEST_HOST = "$(BUILT_PRODUCTS_DIR)/iOSPrototype.app/iOSPrototype";
			};
			name = Release;
		};
/* End XCBuildConfiguration section */

/* Begin XCConfigurationList section */
		4CEF3EE11ABF53F6000052D2 /* Build configuration list for PBXProject "iOSPrototype" */ = {
			isa = XCConfigurationList;
			buildConfigurations = (
				4CEF3F0A1ABF53F7000052D2 /* Debug */,
				4CEF3F0B1ABF53F7000052D2 /* Release */,
			);
			defaultConfigurationIsVisible = 0;
			defaultConfigurationName = Release;
		};
		4CEF3F0C1ABF53F7000052D2 /* Build configuration list for PBXNativeTarget "iOSPrototype" */ = {
			isa = XCConfigurationList;
			buildConfigurations = (
				4CEF3F0D1ABF53F7000052D2 /* Debug */,
				4CEF3F0E1ABF53F7000052D2 /* Release */,
			);
			defaultConfigurationIsVisible = 0;
			defaultConfigurationName = Release;
		};
		4CEF3F0F1ABF53F7000052D2 /* Build configuration list for PBXNativeTarget "iOSPrototypeTests" */ = {
			isa = XCConfigurationList;
			buildConfigurations = (
				4CEF3F101ABF53F7000052D2 /* Debug */,
				4CEF3F111ABF53F7000052D2 /* Release */,
			);
			defaultConfigurationIsVisible = 0;
			defaultConfigurationName = Release;
		};
/* End XCConfigurationList section */
	};
	rootObject = 4CEF3EDE1ABF53F6000052D2 /* Project object */;
}
